
Microsoft Visual Studio Solution File, Format Version 12.00
# Visual Studio Version 17
VisualStudioVersion = 17.14.36221.1
MinimumVisualStudioVersion = 10.0.40219.1
Project("{FAE04EC0-301F-11D3-BF4B-00C04F79EFBC}") = "SymWeb", "SymWeb\SymWeb.csproj", "{2BA82E03-4B99-4326-9249-C23AA57432B9}"
EndProject
Project("{FAE04EC0-301F-11D3-BF4B-00C04F79EFBC}") = "Sym", "Sym\Sym.csproj", "{631A8EAD-FD6A-DED3-7D07-D12BC99CDF27}"
EndProject
Project("{FAE04EC0-301F-11D3-BF4B-00C04F79EFBC}") = "SymTest", "SymTest\SymTest.csproj", "{E95A78D5-D2B4-456A-0AFE-A91BF936B5E9}"
EndProject
Project("{FAE04EC0-301F-11D3-BF4B-00C04F79EFBC}") = "SymIO", "SymIO\SymIO.csproj", "{16C20D57-5F3F-4D46-99B6-79D77E30D266}"
EndProject
Project("{FAE04EC0-301F-11D3-BF4B-00C04F79EFBC}") = "SymIOTest", "SymIOTest\SymIOTest.csproj", "{123BBED8-52DB-4856-A815-C25EE1E0D0B4}"
EndProject
Global
	GlobalSection(SolutionConfigurationPlatforms) = preSolution
		Debug|Any CPU = Debug|Any CPU
		Release|Any CPU = Release|Any CPU
	EndGlobalSection
	GlobalSection(ProjectConfigurationPlatforms) = postSolution
		{2BA82E03-4B99-4326-9249-C23AA57432B9}.Debug|Any CPU.ActiveCfg = Debug|Any CPU
		{2BA82E03-4B99-4326-9249-C23AA57432B9}.Debug|Any CPU.Build.0 = Debug|Any CPU
		{2BA82E03-4B99-4326-9249-C23AA57432B9}.Release|Any CPU.ActiveCfg = Release|Any CPU
		{2BA82E03-4B99-4326-9249-C23AA57432B9}.Release|Any CPU.Build.0 = Release|Any CPU
		{631A8EAD-FD6A-DED3-7D07-D12BC99CDF27}.Debug|Any CPU.ActiveCfg = Debug|Any CPU
		{631A8EAD-FD6A-DED3-7D07-D12BC99CDF27}.Debug|Any CPU.Build.0 = Debug|Any CPU
		{631A8EAD-FD6A-DED3-7D07-D12BC99CDF27}.Release|Any CPU.ActiveCfg = Release|Any CPU
		{631A8EAD-FD6A-DED3-7D07-D12BC99CDF27}.Release|Any CPU.Build.0 = Release|Any CPU
		{E95A78D5-D2B4-456A-0AFE-A91BF936B5E9}.Debug|Any CPU.ActiveCfg = Debug|Any CPU
		{E95A78D5-D2B4-456A-0AFE-A91BF936B5E9}.Debug|Any CPU.Build.0 = Debug|Any CPU
		{E95A78D5-D2B4-456A-0AFE-A91BF936B5E9}.Release|Any CPU.ActiveCfg = Release|Any CPU
		{E95A78D5-D2B4-456A-0AFE-A91BF936B5E9}.Release|Any CPU.Build.0 = Release|Any CPU
		{16C20D57-5F3F-4D46-99B6-79D77E30D266}.Debug|Any CPU.ActiveCfg = Debug|Any CPU
		{16C20D57-5F3F-4D46-99B6-79D77E30D266}.Debug|Any CPU.Build.0 = Debug|Any CPU
		{16C20D57-5F3F-4D46-99B6-79D77E30D266}.Release|Any CPU.ActiveCfg = Release|Any CPU
		{16C20D57-5F3F-4D46-99B6-79D77E30D266}.Release|Any CPU.Build.0 = Release|Any CPU
		{123BBED8-52DB-4856-A815-C25EE1E0D0B4}.Debug|Any CPU.ActiveCfg = Debug|Any CPU
		{123BBED8-52DB-4856-A815-C25EE1E0D0B4}.Debug|Any CPU.Build.0 = Debug|Any CPU
		{123BBED8-52DB-4856-A815-C25EE1E0D0B4}.Release|Any CPU.ActiveCfg = Release|Any CPU
		{123BBED8-52DB-4856-A815-C25EE1E0D0B4}.Release|Any CPU.Build.0 = Release|Any CPU
	EndGlobalSection
	GlobalSection(SolutionProperties) = preSolution
		HideSolutionNode = FALSE
	EndGlobalSection
	GlobalSection(ExtensibilityGlobals) = postSolution
		SolutionGuid = {CDD42978-CB5B-48C4-A56C-2F4328E1638E}
	EndGlobalSection
EndGlobal
